
Microsoft Visual Studio Solution File, Format Version 12.00
# Visual Studio 15
VisualStudioVersion = 15.0.28307.852
MinimumVisualStudioVersion = 10.0.40219.1
Project("{8BC9CEB8-8B4A-11D0-8D11-00A0C91BC942}") = "Project2", "Project2\Project2.vcxproj", "{B53C012F-EE77-4076-A45B-0705BA5D72CE}"
EndProject
Project("{8BC9CEB8-8B4A-11D0-8D11-00A0C91BC942}") = "project2-1", "project2-1\project2-1.vcxproj", "{351CE477-8BF6-405A-8937-713EB2D5A50E}"
EndProject
Global
	GlobalSection(SolutionConfigurationPlatforms) = preSolution
		Debug|x64 = Debug|x64
		Debug|x86 = Debug|x86
		Release|x64 = Release|x64
		Release|x86 = Release|x86
	EndGlobalSection
	GlobalSection(ProjectConfigurationPlatforms) = postSolution
		{B53C012F-EE77-4076-A45B-0705BA5D72CE}.Debug|x64.ActiveCfg = Debug|x64
		{B53C012F-EE77-4076-A45B-0705BA5D72CE}.Debug|x64.Build.0 = Debug|x64
		{B53C012F-EE77-4076-A45B-0705BA5D72CE}.Debug|x86.ActiveCfg = Debug|Win32
		{B53C012F-EE77-4076-A45B-0705BA5D72CE}.Debug|x86.Build.0 = Debug|Win32
		{B53C012F-EE77-4076-A45B-0705BA5D72CE}.Release|x64.ActiveCfg = Release|x64
		{B53C012F-EE77-4076-A45B-0705BA5D72CE}.Release|x64.Build.0 = Release|x64
		{B53C012F-EE77-4076-A45B-0705BA5D72CE}.Release|x86.ActiveCfg = Release|Win32
		{B53C012F-EE77-4076-A45B-0705BA5D72CE}.Release|x86.Build.0 = Release|Win32
		{351CE477-8BF6-405A-8937-713EB2D5A50E}.Debug|x64.ActiveCfg = Debug|x64
		{351CE477-8BF6-405A-8937-713EB2D5A50E}.Debug|x64.Build.0 = Debug|x64
		{351CE477-8BF6-405A-8937-713EB2D5A50E}.Debug|x86.ActiveCfg = Debug|Win32
		{351CE477-8BF6-405A-8937-713EB2D5A50E}.Debug|x86.Build.0 = Debug|Win32
		{351CE477-8BF6-405A-8937-713EB2D5A50E}.Release|x64.ActiveCfg = Release|x64
		{351CE477-8BF6-405A-8937-713EB2D5A50E}.Release|x64.Build.0 = Release|x64
		{351CE477-8BF6-405A-8937-713EB2D5A50E}.Release|x86.ActiveCfg = Release|Win32
		{351CE477-8BF6-405A-8937-713EB2D5A50E}.Release|x86.Build.0 = Release|Win32
	EndGlobalSection
	GlobalSection(SolutionProperties) = preSolution
		HideSolutionNode = FALSE
	EndGlobalSection
	GlobalSection(ExtensibilityGlobals) = postSolution
		SolutionGuid = {81E93D1C-4993-4524-9D09-D23059A33BBD}
	EndGlobalSection
EndGlobal
